// !$*UTF8*$!
{
	archiveVersion = 1;
	classes = {
	};
	objectVersion = 77;
	objects = {

/* Begin PBXBuildFile section */
		6100BC312EFC13350084CFB5 /* AMELIORATIONS_MOTEUR_SUGGESTION_FINITION.md in Resources */ = {isa = PBXBuildFile; fileRef = 6100BC302EFC13350084CFB5 /* AMELIORATIONS_MOTEUR_SUGGESTION_FINITION.md */; };
		6100BC652EFCF6B00084CFB5 /* AMELIORATION_PROFONDEUR_ZONE.md in Resources */ = {isa = PBXBuildFile; fileRef = 6100BC642EFCF6B00084CFB5 /* AMELIORATION_PROFONDEUR_ZONE.md */; };
		6100BC802EFD5B030084CFB5 /* ANALYSE_ADEQUATION_FICHE_JSON_MOTEUR.md in Resources */ = {isa = PBXBuildFile; fileRef = 6100BC7F2EFD5B030084CFB5 /* ANALYSE_ADEQUATION_FICHE_JSON_MOTEUR.md */; };
		6100BC822EFD5B350084CFB5 /* FIX_LEURRES_LANCER_DANS_SPREAD.md in Resources */ = {isa = PBXBuildFile; fileRef = 6100BC812EFD5B350084CFB5 /* FIX_LEURRES_LANCER_DANS_SPREAD.md */; };
		6100BC842EFD61580084CFB5 /* MIGRATION_PROPRIETES_FINALES_25DEC2024.md in Resources */ = {isa = PBXBuildFile; fileRef = 6100BC832EFD61580084CFB5 /* MIGRATION_PROPRIETES_FINALES_25DEC2024.md */; };
		6100BC862EFD617D0084CFB5 /* RESUME_CORRECTIONS_25DEC2024.md in Resources */ = {isa = PBXBuildFile; fileRef = 6100BC852EFD617D0084CFB5 /* RESUME_CORRECTIONS_25DEC2024.md */; };
		6100BC882EFD63280084CFB5 /* AJOUT_TECHNIQUES_COMPATIBLES_FORMULAIRE.md in Resources */ = {isa = PBXBuildFile; fileRef = 6100BC872EFD63280084CFB5 /* AJOUT_TECHNIQUES_COMPATIBLES_FORMULAIRE.md */; };
		6100BC8A2EFDDE840084CFB5 /* CORRECTION_ATTRIBUTION_POSITIONS_SPREAD.md in Resources */ = {isa = PBXBuildFile; fileRef = 6100BC892EFDDE840084CFB5 /* CORRECTION_ATTRIBUTION_POSITIONS_SPREAD.md */; };
		6100BC8C2EFDDEC40084CFB5 /* GUIDE_UTILISATEUR_POSITIONS_SPREAD.md in Resources */ = {isa = PBXBuildFile; fileRef = 6100BC8B2EFDDEC40084CFB5 /* GUIDE_UTILISATEUR_POSITIONS_SPREAD.md */; };
		6100BC8E2EFDDF1E0084CFB5 /* RECAPITULATIF_CORRECTION_POSITIONS_26DEC2024.md in Resources */ = {isa = PBXBuildFile; fileRef = 6100BC8D2EFDDF1E0084CFB5 /* RECAPITULATIF_CORRECTION_POSITIONS_26DEC2024.md */; };
		6100BC902EFDE5CA0084CFB5 /* CORRECTION_PROFIL_VISUEL_CONTEXTUEL_26DEC2024.md in Resources */ = {isa = PBXBuildFile; fileRef = 6100BC8F2EFDE5CA0084CFB5 /* CORRECTION_PROFIL_VISUEL_CONTEXTUEL_26DEC2024.md */; };
		6100BC922EFDECC40084CFB5 /* CORRECTION_FINALE_V2_PROFIL_POSITIONS_26DEC2024.md in Resources */ = {isa = PBXBuildFile; fileRef = 6100BC912EFDECC40084CFB5 /* CORRECTION_FINALE_V2_PROFIL_POSITIONS_26DEC2024.md */; };
		6100BC942EFDFE0B0084CFB5 /* TEST_VERIFICATION_PROFIL_VISUEL.md in Resources */ = {isa = PBXBuildFile; fileRef = 6100BC932EFDFE0B0084CFB5 /* TEST_VERIFICATION_PROFIL_VISUEL.md */; };
		6100BCAF2EFE3A560084CFB5 /* RainbowCircle.swift in Sources */ = {isa = PBXBuildFile; fileRef = 6100BCAE2EFE3A560084CFB5 /* RainbowCircle.swift */; };
		6100BCB12EFE3BA50084CFB5 /* GUIDE_CONTRASTE_RAINBOW.md in Resources */ = {isa = PBXBuildFile; fileRef = 6100BCB02EFE3BA50084CFB5 /* GUIDE_CONTRASTE_RAINBOW.md */; };
		6100BCB32EFE3BED0084CFB5 /* RESUME_RAPIDE_26DEC2024.md in Resources */ = {isa = PBXBuildFile; fileRef = 6100BCB22EFE3BED0084CFB5 /* RESUME_RAPIDE_26DEC2024.md */; };
		6100BCB52EFE3FAB0084CFB5 /* SECURITE_SUPPRESSION_CONTRASTE.md in Resources */ = {isa = PBXBuildFile; fileRef = 6100BCB42EFE3FAB0084CFB5 /* SECURITE_SUPPRESSION_CONTRASTE.md */; };
		6100BCB72EFE3FDF0084CFB5 /* EXEMPLES_MIGRATION_CONTRASTE.md in Resources */ = {isa = PBXBuildFile; fileRef = 6100BCB62EFE3FDF0084CFB5 /* EXEMPLES_MIGRATION_CONTRASTE.md */; };
		6100BCB92EFE426D0084CFB5 /* CLARIFICATION_FINITION_VS_PROFIL.md in Resources */ = {isa = PBXBuildFile; fileRef = 6100BCB82EFE426D0084CFB5 /* CLARIFICATION_FINITION_VS_PROFIL.md */; };
		6100BCBB2EFE4ADF0084CFB5 /* DIFFERENTIATION_COULEURS_CUSTOM.md in Resources */ = {isa = PBXBuildFile; fileRef = 6100BCBA2EFE4ADF0084CFB5 /* DIFFERENTIATION_COULEURS_CUSTOM.md */; };
		61263A542EE95DC400BBF0A8 /* LeurreFormView.swift in Sources */ = {isa = PBXBuildFile; fileRef = 61263A532EE95DC400BBF0A8 /* LeurreFormView.swift */; };
		613F7A082F0238E100DA3053 /* TypeDeNage.swift in Sources */ = {isa = PBXBuildFile; fileRef = 613F7A072F0238CB00DA3053 /* TypeDeNage.swift */; };
		613F7A0A2F0291FD00DA3053 /* Wobblingchoicesheet.swift in Sources */ = {isa = PBXBuildFile; fileRef = 613F7A092F0291D200DA3053 /* Wobblingchoicesheet.swift */; };
		613F7A0C2F03280600DA3053 /* TypeDeNagePickerSheet.swift in Sources */ = {isa = PBXBuildFile; fileRef = 613F7A0B2F0327F300DA3053 /* TypeDeNagePickerSheet.swift */; };
		613F7A0E2F0397FD00DA3053 /* Jiggingchoicesheet.swift in Sources */ = {isa = PBXBuildFile; fileRef = 613F7A0D2F0397E400DA3053 /* Jiggingchoicesheet.swift */; };
		613F7A102F03D73400DA3053 /* Typedenagedetector.swift in Sources */ = {isa = PBXBuildFile; fileRef = 613F7A0F2F03D72F00DA3053 /* Typedenagedetector.swift */; };
		61703FE12EFF954100311E88 /* MODIFICATIONS_AFFICHAGE_RESULTATS_27DEC2024.md in Resources */ = {isa = PBXBuildFile; fileRef = 61703FE02EFF954100311E88 /* MODIFICATIONS_AFFICHAGE_RESULTATS_27DEC2024.md */; };
		617DD0092EF15E99002C82F1 /* GUIDE_IMPORT_RAPIDE.md in Resources */ = {isa = PBXBuildFile; fileRef = 617DD0082EF15E99002C82F1 /* GUIDE_IMPORT_RAPIDE.md */; };
		617DD0182EF1F74B002C82F1 /* LeurreWebScraperService.swift in Sources */ = {isa = PBXBuildFile; fileRef = 617DD0172EF1F74B002C82F1 /* LeurreWebScraperService.swift */; };
		617DD01A2EF1F7F0002C82F1 /* DOCUMENTATION_IMPORT_URL.md in Resources */ = {isa = PBXBuildFile; fileRef = 617DD0192EF1F7F0002C82F1 /* DOCUMENTATION_IMPORT_URL.md */; };
		617DD01C2EF1F81C002C82F1 /* IMPLEMENTATION_IMPORT_URL_PHASE1.md in Resources */ = {isa = PBXBuildFile; fileRef = 617DD01B2EF1F81C002C82F1 /* IMPLEMENTATION_IMPORT_URL_PHASE1.md */; };
		617DD01E2EF1F86E002C82F1 /* RECAP_MODIFICATIONS_17DEC2024.md in Resources */ = {isa = PBXBuildFile; fileRef = 617DD01D2EF1F86E002C82F1 /* RECAP_MODIFICATIONS_17DEC2024.md */; };
		617DD0212EF20781002C82F1 /* TESTS_NOUVEAUX_SITES.md in Resources */ = {isa = PBXBuildFile; fileRef = 617DD0202EF20781002C82F1 /* TESTS_NOUVEAUX_SITES.md */; };
		617DD0232EF207FB002C82F1 /* AJOUT_NOMAD_WALMART.md in Resources */ = {isa = PBXBuildFile; fileRef = 617DD0222EF207FB002C82F1 /* AJOUT_NOMAD_WALMART.md */; };
		617DD0252EF20AAD002C82F1 /* AJOUT_SITES_FRANCAIS_17DEC2024.md in Resources */ = {isa = PBXBuildFile; fileRef = 617DD0242EF20AAD002C82F1 /* AJOUT_SITES_FRANCAIS_17DEC2024.md */; };
		617DD0292EF20ACE002C82F1 /* GUIDE_TEST_NOUVEAUX_PARSERS.md in Resources */ = {isa = PBXBuildFile; fileRef = 617DD0282EF20ACE002C82F1 /* GUIDE_TEST_NOUVEAUX_PARSERS.md */; };
		617DD02B2EF20AD2002C82F1 /* RESUME_MODIFICATIONS_CODE.md in Resources */ = {isa = PBXBuildFile; fileRef = 617DD02A2EF20AD2002C82F1 /* RESUME_MODIFICATIONS_CODE.md */; };
		617DD02D2EF20AD6002C82F1 /* ARCHITECTURE_PARSERS.md in Resources */ = {isa = PBXBuildFile; fileRef = 617DD02C2EF20AD6002C82F1 /* ARCHITECTURE_PARSERS.md */; };
		617DD0DE2EF4A5EB002C82F1 /* SpreadSchemaView.swift in Sources */ = {isa = PBXBuildFile; fileRef = 617DD0DD2EF4A5EB002C82F1 /* SpreadSchemaView.swift */; };
		617DD0E02EF4A66E002C82F1 /* RECAP_MODIFICATIONS_19_DEC_2024.md in Resources */ = {isa = PBXBuildFile; fileRef = 617DD0DF2EF4A66E002C82F1 /* RECAP_MODIFICATIONS_19_DEC_2024.md */; };
		617DD0E22EF4A675002C82F1 /* GUIDE_AJOUT_IMAGE.md in Resources */ = {isa = PBXBuildFile; fileRef = 617DD0E12EF4A675002C82F1 /* GUIDE_AJOUT_IMAGE.md */; };
		617DD1482EF53C4B002C82F1 /* DiagnosticView.swift in Sources */ = {isa = PBXBuildFile; fileRef = 617DD1472EF53C4B002C82F1 /* DiagnosticView.swift */; };
		617DD14A2EF54154002C82F1 /* CORRECTIONS_URGENTES_POSITIONS.md in Resources */ = {isa = PBXBuildFile; fileRef = 617DD1492EF54154002C82F1 /* CORRECTIONS_URGENTES_POSITIONS.md */; };
		617DD14C2EF54157002C82F1 /* FIX_IMMEDIAT.md in Resources */ = {isa = PBXBuildFile; fileRef = 617DD14B2EF54157002C82F1 /* FIX_IMMEDIAT.md */; };
		617DD14E2EF54310002C82F1 /* AssetsDiagnosticView.swift in Sources */ = {isa = PBXBuildFile; fileRef = 617DD14D2EF54310002C82F1 /* AssetsDiagnosticView.swift */; };
		617DD1502EF55FAF002C82F1 /* leurres_database_COMPLET.json in Resources */ = {isa = PBXBuildFile; fileRef = 617DD14F2EF55FAF002C82F1 /* leurres_database_COMPLET.json */; };
		617DD1522EF56062002C82F1 /* ImageCoordinatePickerView.swift in Sources */ = {isa = PBXBuildFile; fileRef = 617DD1512EF56062002C82F1 /* ImageCoordinatePickerView.swift */; };
		619298D52EF8069E00D201C1 /* CORRECTIONS_LOGIQUE_SUGGESTION_21DEC2024.md in Resources */ = {isa = PBXBuildFile; fileRef = 619298D42EF8069E00D201C1 /* CORRECTIONS_LOGIQUE_SUGGESTION_21DEC2024.md */; };
		619298D72EF807D000D201C1 /* CORRECTIONS_COMPILATION_21DEC2024.md in Resources */ = {isa = PBXBuildFile; fileRef = 619298D62EF807D000D201C1 /* CORRECTIONS_COMPILATION_21DEC2024.md */; };
		619298D92EF8089E00D201C1 /* CORRECTION_MAHIMAHI_21DEC2024.md in Resources */ = {isa = PBXBuildFile; fileRef = 619298D82EF8089E00D201C1 /* CORRECTION_MAHIMAHI_21DEC2024.md */; };
		619298DB2EF809D400D201C1 /* AMELIORATION_TOUTES_ESPECES_21DEC2024.md in Resources */ = {isa = PBXBuildFile; fileRef = 619298DA2EF809D400D201C1 /* AMELIORATION_TOUTES_ESPECES_21DEC2024.md */; };
		6193EA512EE142F1000BE2F6 /* Leurre.swift in Sources */ = {isa = PBXBuildFile; fileRef = 6193EA452EE142F1000BE2F6 /* Leurre.swift */; };
		6193EA522EE142F1000BE2F6 /* ColorExtension.swift in Sources */ = {isa = PBXBuildFile; fileRef = 6193EA432EE142F1000BE2F6 /* ColorExtension.swift */; };
		6193EA532EE142F1000BE2F6 /* LeureViewModel.swift in Sources */ = {isa = PBXBuildFile; fileRef = 6193EA4A2EE142F1000BE2F6 /* LeureViewModel.swift */; };
		6193EA542EE142F1000BE2F6 /* LeurreDetailView.swift in Sources */ = {isa = PBXBuildFile; fileRef = 6193EA4F2EE142F1000BE2F6 /* LeurreDetailView.swift */; };
		6193EA552EE142F1000BE2F6 /* BoiteView.swift in Sources */ = {isa = PBXBuildFile; fileRef = 6193EA4D2EE142F1000BE2F6 /* BoiteView.swift */; };
		6193EA562EE142F1000BE2F6 /* FiltresView.swift in Sources */ = {isa = PBXBuildFile; fileRef = 6193EA4E2EE142F1000BE2F6 /* FiltresView.swift */; };
		6193EA7C2EE252A0000BE2F6 /* ConditionsPeche.swift in Sources */ = {isa = PBXBuildFile; fileRef = 6193EA7A2EE252A0000BE2F6 /* ConditionsPeche.swift */; };
		6193EA832EE25312000BE2F6 /* SuggestionInputView.swift in Sources */ = {isa = PBXBuildFile; fileRef = 6193EA812EE25312000BE2F6 /* SuggestionInputView.swift */; };
		6193EA842EE25312000BE2F6 /* SuggestionResultView.swift in Sources */ = {isa = PBXBuildFile; fileRef = 6193EA822EE25312000BE2F6 /* SuggestionResultView.swift */; };
		6193EA852EE25312000BE2F6 /* SpreadVisualizationView.swift in Sources */ = {isa = PBXBuildFile; fileRef = 6193EA802EE25312000BE2F6 /* SpreadVisualizationView.swift */; };
		6193EAE52EE6A88F000BE2F6 /* SuggestionEngine.swift in Sources */ = {isa = PBXBuildFile; fileRef = 6193EAE42EE6A88F000BE2F6 /* SuggestionEngine.swift */; };
		61941ACE2EEA0B170019B66B /* EspecesDatabase.swift in Sources */ = {isa = PBXBuildFile; fileRef = 61941ACD2EEA0B170019B66B /* EspecesDatabase.swift */; };
		61C5FBD32EF8F5810030C95D /* AUTOCOMPLETION_COULEURS_SIMPLE.md in Resources */ = {isa = PBXBuildFile; fileRef = 61C5FBD22EF8F5810030C95D /* AUTOCOMPLETION_COULEURS_SIMPLE.md */; };
		61C5FBD52EF8F5A60030C95D /* GUIDE_AUTOCOMPLETION_COULEURS.md in Resources */ = {isa = PBXBuildFile; fileRef = 61C5FBD42EF8F5A60030C95D /* GUIDE_AUTOCOMPLETION_COULEURS.md */; };
		61C5FBD72EF8F5DA0030C95D /* RECAP_AUTOCOMPLETION_SIMPLE.md in Resources */ = {isa = PBXBuildFile; fileRef = 61C5FBD62EF8F5DA0030C95D /* RECAP_AUTOCOMPLETION_SIMPLE.md */; };
		61C5FBDB2EF909E80030C95D /* CreerCouleurView.swift in Sources */ = {isa = PBXBuildFile; fileRef = 61C5FBDA2EF909E80030C95D /* CreerCouleurView.swift */; };
		61C5FBDD2EF90A460030C95D /* CouleurCustom.swift in Sources */ = {isa = PBXBuildFile; fileRef = 61C5FBDC2EF90A460030C95D /* CouleurCustom.swift */; };
		61C5FBDF2EF90A7F0030C95D /* CouleurSearchField.swift in Sources */ = {isa = PBXBuildFile; fileRef = 61C5FBDE2EF90A7F0030C95D /* CouleurSearchField.swift */; };
		61C5FBE12EF90AA20030C95D /* GestionCouleursCustomView.swift in Sources */ = {isa = PBXBuildFile; fileRef = 61C5FBE02EF90AA20030C95D /* GestionCouleursCustomView.swift */; };
		61C5FBE32EF90AAD0030C95D /* ParametresAppView.swift in Sources */ = {isa = PBXBuildFile; fileRef = 61C5FBE22EF90AAD0030C95D /* ParametresAppView.swift */; };
		61C5FBE52EF90B170030C95D /* RECAP_COULEURS_V2.md in Resources */ = {isa = PBXBuildFile; fileRef = 61C5FBE42EF90B170030C95D /* RECAP_COULEURS_V2.md */; };
		61C5FBE72EF90B530030C95D /* GUIDE_UTILISATEUR_COULEURS_V2.md in Resources */ = {isa = PBXBuildFile; fileRef = 61C5FBE62EF90B530030C95D /* GUIDE_UTILISATEUR_COULEURS_V2.md */; };
		61C5FBE92EF90B7A0030C95D /* IMPLEMENTATION_V2_RESUME.md in Resources */ = {isa = PBXBuildFile; fileRef = 61C5FBE82EF90B7A0030C95D /* IMPLEMENTATION_V2_RESUME.md */; };
		61C5FC042EF9BCB10030C95D /* AMELIORATIONS_AFFICHAGE_LEURRES.md in Resources */ = {isa = PBXBuildFile; fileRef = 61C5FC032EF9BCB10030C95D /* AMELIORATIONS_AFFICHAGE_LEURRES.md */; };
		61C5FC062EF9BCE80030C95D /* RESUME_CORRECTIONS_PHOTOS.md in Resources */ = {isa = PBXBuildFile; fileRef = 61C5FC052EF9BCE80030C95D /* RESUME_CORRECTIONS_PHOTOS.md */; };
		61C5FC082EF9BD4A0030C95D /* CHECKLIST_FINALE.md in Resources */ = {isa = PBXBuildFile; fileRef = 61C5FC072EF9BD4A0030C95D /* CHECKLIST_FINALE.md */; };
		61C5FC232EFA87B30030C95D /* NoteAnalysisService.swift in Sources */ = {isa = PBXBuildFile; fileRef = 61C5FC222EFA87B30030C95D /* NoteAnalysisService.swift */; };
		61C5FC252EFA87F60030C95D /* LeurreIntelligenceService.swift in Sources */ = {isa = PBXBuildFile; fileRef = 61C5FC242EFA87F60030C95D /* LeurreIntelligenceService.swift */; };
		61C5FC272EFA88840030C95D /* AJOUT_FINITION_FORMULAIRE.md in Resources */ = {isa = PBXBuildFile; fileRef = 61C5FC262EFA88840030C95D /* AJOUT_FINITION_FORMULAIRE.md */; };
		61C5FC292EFA88D80030C95D /* RECAPITULATIF_MODIFICATIONS_23DEC2024.md in Resources */ = {isa = PBXBuildFile; fileRef = 61C5FC282EFA88D80030C95D /* RECAPITULATIF_MODIFICATIONS_23DEC2024.md */; };
/* End PBXBuildFile section */

/* Begin PBXContainerItemProxy section */
		6193EA262EE1400F000BE2F6 /* PBXContainerItemProxy */ = {
			isa = PBXContainerItemProxy;
			containerPortal = 6193EA0B2EE1400D000BE2F6 /* Project object */;
			proxyType = 1;
			remoteGlobalIDString = 6193EA122EE1400D000BE2F6;
			remoteInfo = "Go Les Picots V.4";
		};
		6193EA302EE1400F000BE2F6 /* PBXContainerItemProxy */ = {
			isa = PBXContainerItemProxy;
			containerPortal = 6193EA0B2EE1400D000BE2F6 /* Project object */;
			proxyType = 1;
			remoteGlobalIDString = 6193EA122EE1400D000BE2F6;
			remoteInfo = "Go Les Picots V.4";
		};
/* End PBXContainerItemProxy section */

/* Begin PBXFileReference section */
		6100BC302EFC13350084CFB5 /* AMELIORATIONS_MOTEUR_SUGGESTION_FINITION.md */ = {isa = PBXFileReference; lastKnownFileType = net.daringfireball.markdown; path = AMELIORATIONS_MOTEUR_SUGGESTION_FINITION.md; sourceTree = "<group>"; };
		6100BC642EFCF6B00084CFB5 /* AMELIORATION_PROFONDEUR_ZONE.md */ = {isa = PBXFileReference; lastKnownFileType = net.daringfireball.markdown; path = AMELIORATION_PROFONDEUR_ZONE.md; sourceTree = "<group>"; };
		6100BC7F2EFD5B030084CFB5 /* ANALYSE_ADEQUATION_FICHE_JSON_MOTEUR.md */ = {isa = PBXFileReference; lastKnownFileType = net.daringfireball.markdown; path = ANALYSE_ADEQUATION_FICHE_JSON_MOTEUR.md; sourceTree = "<group>"; };
		6100BC812EFD5B350084CFB5 /* FIX_LEURRES_LANCER_DANS_SPREAD.md */ = {isa = PBXFileReference; lastKnownFileType = net.daringfireball.markdown; path = FIX_LEURRES_LANCER_DANS_SPREAD.md; sourceTree = "<group>"; };
		6100BC832EFD61580084CFB5 /* MIGRATION_PROPRIETES_FINALES_25DEC2024.md */ = {isa = PBXFileReference; lastKnownFileType = net.daringfireball.markdown; path = MIGRATION_PROPRIETES_FINALES_25DEC2024.md; sourceTree = "<group>"; };
		6100BC852EFD617D0084CFB5 /* RESUME_CORRECTIONS_25DEC2024.md */ = {isa = PBXFileReference; lastKnownFileType = net.daringfireball.markdown; path = RESUME_CORRECTIONS_25DEC2024.md; sourceTree = "<group>"; };
		6100BC872EFD63280084CFB5 /* AJOUT_TECHNIQUES_COMPATIBLES_FORMULAIRE.md */ = {isa = PBXFileReference; lastKnownFileType = net.daringfireball.markdown; path = AJOUT_TECHNIQUES_COMPATIBLES_FORMULAIRE.md; sourceTree = "<group>"; };
		6100BC892EFDDE840084CFB5 /* CORRECTION_ATTRIBUTION_POSITIONS_SPREAD.md */ = {isa = PBXFileReference; lastKnownFileType = net.daringfireball.markdown; path = CORRECTION_ATTRIBUTION_POSITIONS_SPREAD.md; sourceTree = "<group>"; };
		6100BC8B2EFDDEC40084CFB5 /* GUIDE_UTILISATEUR_POSITIONS_SPREAD.md */ = {isa = PBXFileReference; lastKnownFileType = net.daringfireball.markdown; path = GUIDE_UTILISATEUR_POSITIONS_SPREAD.md; sourceTree = "<group>"; };
		6100BC8D2EFDDF1E0084CFB5 /* RECAPITULATIF_CORRECTION_POSITIONS_26DEC2024.md */ = {isa = PBXFileReference; lastKnownFileType = net.daringfireball.markdown; path = RECAPITULATIF_CORRECTION_POSITIONS_26DEC2024.md; sourceTree = "<group>"; };
		6100BC8F2EFDE5CA0084CFB5 /* CORRECTION_PROFIL_VISUEL_CONTEXTUEL_26DEC2024.md */ = {isa = PBXFileReference; lastKnownFileType = net.daringfireball.markdown; path = CORRECTION_PROFIL_VISUEL_CONTEXTUEL_26DEC2024.md; sourceTree = "<group>"; };
		6100BC912EFDECC40084CFB5 /* CORRECTION_FINALE_V2_PROFIL_POSITIONS_26DEC2024.md */ = {isa = PBXFileReference; lastKnownFileType = net.daringfireball.markdown; path = CORRECTION_FINALE_V2_PROFIL_POSITIONS_26DEC2024.md; sourceTree = "<group>"; };
		6100BC932EFDFE0B0084CFB5 /* TEST_VERIFICATION_PROFIL_VISUEL.md */ = {isa = PBXFileReference; lastKnownFileType = net.daringfireball.markdown; path = TEST_VERIFICATION_PROFIL_VISUEL.md; sourceTree = "<group>"; };
		6100BCAE2EFE3A560084CFB5 /* RainbowCircle.swift */ = {isa = PBXFileReference; lastKnownFileType = sourcecode.swift; path = RainbowCircle.swift; sourceTree = "<group>"; };
		6100BCB02EFE3BA50084CFB5 /* GUIDE_CONTRASTE_RAINBOW.md */ = {isa = PBXFileReference; lastKnownFileType = net.daringfireball.markdown; path = GUIDE_CONTRASTE_RAINBOW.md; sourceTree = "<group>"; };
		6100BCB22EFE3BED0084CFB5 /* RESUME_RAPIDE_26DEC2024.md */ = {isa = PBXFileReference; lastKnownFileType = net.daringfireball.markdown; path = RESUME_RAPIDE_26DEC2024.md; sourceTree = "<group>"; };
		6100BCB42EFE3FAB0084CFB5 /* SECURITE_SUPPRESSION_CONTRASTE.md */ = {isa = PBXFileReference; lastKnownFileType = net.daringfireball.markdown; path = SECURITE_SUPPRESSION_CONTRASTE.md; sourceTree = "<group>"; };
		6100BCB62EFE3FDF0084CFB5 /* EXEMPLES_MIGRATION_CONTRASTE.md */ = {isa = PBXFileReference; lastKnownFileType = net.daringfireball.markdown; path = EXEMPLES_MIGRATION_CONTRASTE.md; sourceTree = "<group>"; };
		6100BCB82EFE426D0084CFB5 /* CLARIFICATION_FINITION_VS_PROFIL.md */ = {isa = PBXFileReference; lastKnownFileType = net.daringfireball.markdown; path = CLARIFICATION_FINITION_VS_PROFIL.md; sourceTree = "<group>"; };
		6100BCBA2EFE4ADF0084CFB5 /* DIFFERENTIATION_COULEURS_CUSTOM.md */ = {isa = PBXFileReference; lastKnownFileType = net.daringfireball.markdown; path = DIFFERENTIATION_COULEURS_CUSTOM.md; sourceTree = "<group>"; };
		61263A532EE95DC400BBF0A8 /* LeurreFormView.swift */ = {isa = PBXFileReference; lastKnownFileType = sourcecode.swift; path = LeurreFormView.swift; sourceTree = "<group>"; };
		613F7A072F0238CB00DA3053 /* TypeDeNage.swift */ = {isa = PBXFileReference; lastKnownFileType = sourcecode.swift; path = TypeDeNage.swift; sourceTree = "<group>"; };
		613F7A092F0291D200DA3053 /* Wobblingchoicesheet.swift */ = {isa = PBXFileReference; lastKnownFileType = sourcecode.swift; path = Wobblingchoicesheet.swift; sourceTree = "<group>"; };
		613F7A0B2F0327F300DA3053 /* TypeDeNagePickerSheet.swift */ = {isa = PBXFileReference; lastKnownFileType = sourcecode.swift; path = TypeDeNagePickerSheet.swift; sourceTree = "<group>"; };
		613F7A0D2F0397E400DA3053 /* Jiggingchoicesheet.swift */ = {isa = PBXFileReference; lastKnownFileType = sourcecode.swift; path = Jiggingchoicesheet.swift; sourceTree = "<group>"; };
		613F7A0F2F03D72F00DA3053 /* Typedenagedetector.swift */ = {isa = PBXFileReference; lastKnownFileType = sourcecode.swift; path = Typedenagedetector.swift; sourceTree = "<group>"; };
		61703FE02EFF954100311E88 /* MODIFICATIONS_AFFICHAGE_RESULTATS_27DEC2024.md */ = {isa = PBXFileReference; lastKnownFileType = net.daringfireball.markdown; path = MODIFICATIONS_AFFICHAGE_RESULTATS_27DEC2024.md; sourceTree = "<group>"; };
		617DD0082EF15E99002C82F1 /* GUIDE_IMPORT_RAPIDE.md */ = {isa = PBXFileReference; lastKnownFileType = net.daringfireball.markdown; path = GUIDE_IMPORT_RAPIDE.md; sourceTree = "<group>"; };
		617DD0172EF1F74B002C82F1 /* LeurreWebScraperService.swift */ = {isa = PBXFileReference; lastKnownFileType = sourcecode.swift; path = LeurreWebScraperService.swift; sourceTree = "<group>"; };
		617DD0192EF1F7F0002C82F1 /* DOCUMENTATION_IMPORT_URL.md */ = {isa = PBXFileReference; lastKnownFileType = net.daringfireball.markdown; path = DOCUMENTATION_IMPORT_URL.md; sourceTree = "<group>"; };
		617DD01B2EF1F81C002C82F1 /* IMPLEMENTATION_IMPORT_URL_PHASE1.md */ = {isa = PBXFileReference; lastKnownFileType = net.daringfireball.markdown; path = IMPLEMENTATION_IMPORT_URL_PHASE1.md; sourceTree = "<group>"; };
		617DD01D2EF1F86E002C82F1 /* RECAP_MODIFICATIONS_17DEC2024.md */ = {isa = PBXFileReference; lastKnownFileType = net.daringfireball.markdown; path = RECAP_MODIFICATIONS_17DEC2024.md; sourceTree = "<group>"; };
		617DD0202EF20781002C82F1 /* TESTS_NOUVEAUX_SITES.md */ = {isa = PBXFileReference; lastKnownFileType = net.daringfireball.markdown; path = TESTS_NOUVEAUX_SITES.md; sourceTree = "<group>"; };
		617DD0222EF207FB002C82F1 /* AJOUT_NOMAD_WALMART.md */ = {isa = PBXFileReference; lastKnownFileType = net.daringfireball.markdown; path = AJOUT_NOMAD_WALMART.md; sourceTree = "<group>"; };
		617DD0242EF20AAD002C82F1 /* AJOUT_SITES_FRANCAIS_17DEC2024.md */ = {isa = PBXFileReference; lastKnownFileType = net.daringfireball.markdown; path = AJOUT_SITES_FRANCAIS_17DEC2024.md; sourceTree = "<group>"; };
		617DD0282EF20ACE002C82F1 /* GUIDE_TEST_NOUVEAUX_PARSERS.md */ = {isa = PBXFileReference; lastKnownFileType = net.daringfireball.markdown; path = GUIDE_TEST_NOUVEAUX_PARSERS.md; sourceTree = "<group>"; };
		617DD02A2EF20AD2002C82F1 /* RESUME_MODIFICATIONS_CODE.md */ = {isa = PBXFileReference; lastKnownFileType = net.daringfireball.markdown; path = RESUME_MODIFICATIONS_CODE.md; sourceTree = "<group>"; };
		617DD02C2EF20AD6002C82F1 /* ARCHITECTURE_PARSERS.md */ = {isa = PBXFileReference; lastKnownFileType = net.daringfireball.markdown; path = ARCHITECTURE_PARSERS.md; sourceTree = "<group>"; };
		617DD0DD2EF4A5EB002C82F1 /* SpreadSchemaView.swift */ = {isa = PBXFileReference; lastKnownFileType = sourcecode.swift; path = SpreadSchemaView.swift; sourceTree = "<group>"; };
		617DD0DF2EF4A66E002C82F1 /* RECAP_MODIFICATIONS_19_DEC_2024.md */ = {isa = PBXFileReference; lastKnownFileType = net.daringfireball.markdown; path = RECAP_MODIFICATIONS_19_DEC_2024.md; sourceTree = "<group>"; };
		617DD0E12EF4A675002C82F1 /* GUIDE_AJOUT_IMAGE.md */ = {isa = PBXFileReference; lastKnownFileType = net.daringfireball.markdown; path = GUIDE_AJOUT_IMAGE.md; sourceTree = "<group>"; };
		617DD1472EF53C4B002C82F1 /* DiagnosticView.swift */ = {isa = PBXFileReference; lastKnownFileType = sourcecode.swift; path = DiagnosticView.swift; sourceTree = "<group>"; };
		617DD1492EF54154002C82F1 /* CORRECTIONS_URGENTES_POSITIONS.md */ = {isa = PBXFileReference; lastKnownFileType = net.daringfireball.markdown; path = CORRECTIONS_URGENTES_POSITIONS.md; sourceTree = "<group>"; };
		617DD14B2EF54157002C82F1 /* FIX_IMMEDIAT.md */ = {isa = PBXFileReference; lastKnownFileType = net.daringfireball.markdown; path = FIX_IMMEDIAT.md; sourceTree = "<group>"; };
		617DD14D2EF54310002C82F1 /* AssetsDiagnosticView.swift */ = {isa = PBXFileReference; lastKnownFileType = sourcecode.swift; path = AssetsDiagnosticView.swift; sourceTree = "<group>"; };
		617DD14F2EF55FAF002C82F1 /* leurres_database_COMPLET.json */ = {isa = PBXFileReference; lastKnownFileType = text.json; path = leurres_database_COMPLET.json; sourceTree = "<group>"; };
		617DD1512EF56062002C82F1 /* ImageCoordinatePickerView.swift */ = {isa = PBXFileReference; lastKnownFileType = sourcecode.swift; path = ImageCoordinatePickerView.swift; sourceTree = "<group>"; };
		619298D42EF8069E00D201C1 /* CORRECTIONS_LOGIQUE_SUGGESTION_21DEC2024.md */ = {isa = PBXFileReference; lastKnownFileType = net.daringfireball.markdown; path = CORRECTIONS_LOGIQUE_SUGGESTION_21DEC2024.md; sourceTree = "<group>"; };
		619298D62EF807D000D201C1 /* CORRECTIONS_COMPILATION_21DEC2024.md */ = {isa = PBXFileReference; lastKnownFileType = net.daringfireball.markdown; path = CORRECTIONS_COMPILATION_21DEC2024.md; sourceTree = "<group>"; };
		619298D82EF8089E00D201C1 /* CORRECTION_MAHIMAHI_21DEC2024.md */ = {isa = PBXFileReference; lastKnownFileType = net.daringfireball.markdown; path = CORRECTION_MAHIMAHI_21DEC2024.md; sourceTree = "<group>"; };
		619298DA2EF809D400D201C1 /* AMELIORATION_TOUTES_ESPECES_21DEC2024.md */ = {isa = PBXFileReference; lastKnownFileType = net.daringfireball.markdown; path = AMELIORATION_TOUTES_ESPECES_21DEC2024.md; sourceTree = "<group>"; };
		6193EA132EE1400D000BE2F6 /* Go Les Picots V.4.app */ = {isa = PBXFileReference; explicitFileType = wrapper.application; includeInIndex = 0; path = "Go Les Picots V.4.app"; sourceTree = BUILT_PRODUCTS_DIR; };
		6193EA252EE1400F000BE2F6 /* Go Les Picots V.4Tests.xctest */ = {isa = PBXFileReference; explicitFileType = wrapper.cfbundle; includeInIndex = 0; path = "Go Les Picots V.4Tests.xctest"; sourceTree = BUILT_PRODUCTS_DIR; };
		6193EA2F2EE1400F000BE2F6 /* Go Les Picots V.4UITests.xctest */ = {isa = PBXFileReference; explicitFileType = wrapper.cfbundle; includeInIndex = 0; path = "Go Les Picots V.4UITests.xctest"; sourceTree = BUILT_PRODUCTS_DIR; };
		6193EA432EE142F1000BE2F6 /* ColorExtension.swift */ = {isa = PBXFileReference; lastKnownFileType = sourcecode.swift; path = ColorExtension.swift; sourceTree = "<group>"; };
		6193EA452EE142F1000BE2F6 /* Leurre.swift */ = {isa = PBXFileReference; lastKnownFileType = sourcecode.swift; path = Leurre.swift; sourceTree = "<group>"; };
		6193EA4A2EE142F1000BE2F6 /* LeureViewModel.swift */ = {isa = PBXFileReference; lastKnownFileType = sourcecode.swift; path = LeureViewModel.swift; sourceTree = "<group>"; };
		6193EA4D2EE142F1000BE2F6 /* BoiteView.swift */ = {isa = PBXFileReference; lastKnownFileType = sourcecode.swift; path = BoiteView.swift; sourceTree = "<group>"; };
		6193EA4E2EE142F1000BE2F6 /* FiltresView.swift */ = {isa = PBXFileReference; lastKnownFileType = sourcecode.swift; path = FiltresView.swift; sourceTree = "<group>"; };
		6193EA4F2EE142F1000BE2F6 /* LeurreDetailView.swift */ = {isa = PBXFileReference; lastKnownFileType = sourcecode.swift; path = LeurreDetailView.swift; sourceTree = "<group>"; };
		6193EA7A2EE252A0000BE2F6 /* ConditionsPeche.swift */ = {isa = PBXFileReference; lastKnownFileType = sourcecode.swift; path = ConditionsPeche.swift; sourceTree = "<group>"; };
		6193EA802EE25312000BE2F6 /* SpreadVisualizationView.swift */ = {isa = PBXFileReference; lastKnownFileType = sourcecode.swift; path = SpreadVisualizationView.swift; sourceTree = "<group>"; };
		6193EA812EE25312000BE2F6 /* SuggestionInputView.swift */ = {isa = PBXFileReference; lastKnownFileType = sourcecode.swift; path = SuggestionInputView.swift; sourceTree = "<group>"; };
		6193EA822EE25312000BE2F6 /* SuggestionResultView.swift */ = {isa = PBXFileReference; lastKnownFileType = sourcecode.swift; path = SuggestionResultView.swift; sourceTree = "<group>"; };
		6193EAE42EE6A88F000BE2F6 /* SuggestionEngine.swift */ = {isa = PBXFileReference; lastKnownFileType = sourcecode.swift; path = SuggestionEngine.swift; sourceTree = "<group>"; };
		61941ACD2EEA0B170019B66B /* EspecesDatabase.swift */ = {isa = PBXFileReference; lastKnownFileType = sourcecode.swift; path = EspecesDatabase.swift; sourceTree = "<group>"; };
		61C5FBD22EF8F5810030C95D /* AUTOCOMPLETION_COULEURS_SIMPLE.md */ = {isa = PBXFileReference; lastKnownFileType = net.daringfireball.markdown; path = AUTOCOMPLETION_COULEURS_SIMPLE.md; sourceTree = "<group>"; };
		61C5FBD42EF8F5A60030C95D /* GUIDE_AUTOCOMPLETION_COULEURS.md */ = {isa = PBXFileReference; lastKnownFileType = net.daringfireball.markdown; path = GUIDE_AUTOCOMPLETION_COULEURS.md; sourceTree = "<group>"; };
		61C5FBD62EF8F5DA0030C95D /* RECAP_AUTOCOMPLETION_SIMPLE.md */ = {isa = PBXFileReference; lastKnownFileType = net.daringfireball.markdown; path = RECAP_AUTOCOMPLETION_SIMPLE.md; sourceTree = "<group>"; };
		61C5FBDA2EF909E80030C95D /* CreerCouleurView.swift */ = {isa = PBXFileReference; lastKnownFileType = sourcecode.swift; path = CreerCouleurView.swift; sourceTree = "<group>"; };
		61C5FBDC2EF90A460030C95D /* CouleurCustom.swift */ = {isa = PBXFileReference; lastKnownFileType = sourcecode.swift; path = CouleurCustom.swift; sourceTree = "<group>"; };
		61C5FBDE2EF90A7F0030C95D /* CouleurSearchField.swift */ = {isa = PBXFileReference; lastKnownFileType = sourcecode.swift; path = CouleurSearchField.swift; sourceTree = "<group>"; };
		61C5FBE02EF90AA20030C95D /* GestionCouleursCustomView.swift */ = {isa = PBXFileReference; lastKnownFileType = sourcecode.swift; path = GestionCouleursCustomView.swift; sourceTree = "<group>"; };
		61C5FBE22EF90AAD0030C95D /* ParametresAppView.swift */ = {isa = PBXFileReference; lastKnownFileType = sourcecode.swift; path = ParametresAppView.swift; sourceTree = "<group>"; };
		61C5FBE42EF90B170030C95D /* RECAP_COULEURS_V2.md */ = {isa = PBXFileReference; lastKnownFileType = net.daringfireball.markdown; path = RECAP_COULEURS_V2.md; sourceTree = "<group>"; };
		61C5FBE62EF90B530030C95D /* GUIDE_UTILISATEUR_COULEURS_V2.md */ = {isa = PBXFileReference; lastKnownFileType = net.daringfireball.markdown; path = GUIDE_UTILISATEUR_COULEURS_V2.md; sourceTree = "<group>"; };
		61C5FBE82EF90B7A0030C95D /* IMPLEMENTATION_V2_RESUME.md */ = {isa = PBXFileReference; lastKnownFileType = net.daringfireball.markdown; path = IMPLEMENTATION_V2_RESUME.md; sourceTree = "<group>"; };
		61C5FC032EF9BCB10030C95D /* AMELIORATIONS_AFFICHAGE_LEURRES.md */ = {isa = PBXFileReference; lastKnownFileType = net.daringfireball.markdown; path = AMELIORATIONS_AFFICHAGE_LEURRES.md; sourceTree = "<group>"; };
		61C5FC052EF9BCE80030C95D /* RESUME_CORRECTIONS_PHOTOS.md */ = {isa = PBXFileReference; lastKnownFileType = net.daringfireball.markdown; path = RESUME_CORRECTIONS_PHOTOS.md; sourceTree = "<group>"; };
		61C5FC072EF9BD4A0030C95D /* CHECKLIST_FINALE.md */ = {isa = PBXFileReference; lastKnownFileType = net.daringfireball.markdown; path = CHECKLIST_FINALE.md; sourceTree = "<group>"; };
		61C5FC222EFA87B30030C95D /* NoteAnalysisService.swift */ = {isa = PBXFileReference; lastKnownFileType = sourcecode.swift; path = NoteAnalysisService.swift; sourceTree = "<group>"; };
		61C5FC242EFA87F60030C95D /* LeurreIntelligenceService.swift */ = {isa = PBXFileReference; lastKnownFileType = sourcecode.swift; path = LeurreIntelligenceService.swift; sourceTree = "<group>"; };
		61C5FC262EFA88840030C95D /* AJOUT_FINITION_FORMULAIRE.md */ = {isa = PBXFileReference; lastKnownFileType = net.daringfireball.markdown; path = AJOUT_FINITION_FORMULAIRE.md; sourceTree = "<group>"; };
		61C5FC282EFA88D80030C95D /* RECAPITULATIF_MODIFICATIONS_23DEC2024.md */ = {isa = PBXFileReference; lastKnownFileType = net.daringfireball.markdown; path = RECAPITULATIF_MODIFICATIONS_23DEC2024.md; sourceTree = "<group>"; };
/* End PBXFileReference section */

/* Begin PBXFileSystemSynchronizedBuildFileExceptionSet section */
		617DD01F2EF1FBFC002C82F1 /* Exceptions for "Go Les Picots V.4" folder in "Go Les Picots V.4" target */ = {
			isa = PBXFileSystemSynchronizedBuildFileExceptionSet;
			membershipExceptions = (
				"Go Les Picots V.4Tests/Go_Les_Picots_V_4Tests.swift",
				"Go Les Picots V.4UITests/Go_Les_Picots_V_4UITests.swift",
				"Go Les Picots V.4UITests/Go_Les_Picots_V_4UITestsLaunchTests.swift",
			);
			target = 6193EA122EE1400D000BE2F6 /* Go Les Picots V.4 */;
		};
/* End PBXFileSystemSynchronizedBuildFileExceptionSet section */

/* Begin PBXFileSystemSynchronizedRootGroup section */
		61263A502EE95CED00BBF0A8 /* Services */ = {
			isa = PBXFileSystemSynchronizedRootGroup;
			path = Services;
			sourceTree = "<group>";
		};
		61263A552EE95DEA00BBF0A8 /* Components */ = {
			isa = PBXFileSystemSynchronizedRootGroup;
			path = Components;
			sourceTree = "<group>";
		};
		6193EA152EE1400D000BE2F6 /* Go Les Picots V.4 */ = {
			isa = PBXFileSystemSynchronizedRootGroup;
			exceptions = (
				617DD01F2EF1FBFC002C82F1 /* Exceptions for "Go Les Picots V.4" folder in "Go Les Picots V.4" target */,
			);
			path = "Go Les Picots V.4";
			sourceTree = "<group>";
		};
/* End PBXFileSystemSynchronizedRootGroup section */

/* Begin PBXFrameworksBuildPhase section */
		6193EA102EE1400D000BE2F6 /* Frameworks */ = {
			isa = PBXFrameworksBuildPhase;
			buildActionMask = 2147483647;
			files = (
			);
			runOnlyForDeploymentPostprocessing = 0;
		};
		6193EA222EE1400F000BE2F6 /* Frameworks */ = {
			isa = PBXFrameworksBuildPhase;
			buildActionMask = 2147483647;
			files = (
			);
			runOnlyForDeploymentPostprocessing = 0;
		};
		6193EA2C2EE1400F000BE2F6 /* Frameworks */ = {
			isa = PBXFrameworksBuildPhase;
			buildActionMask = 2147483647;
			files = (
			);
			runOnlyForDeploymentPostprocessing = 0;
		};
/* End PBXFrameworksBuildPhase section */

/* Begin PBXGroup section */
		6193EA0A2EE1400D000BE2F6 = {
			isa = PBXGroup;
			children = (
				6193EA152EE1400D000BE2F6 /* Go Les Picots V.4 */,
				6193EA422EE1428C000BE2F6 /* Module1 */,
				6193EA142EE1400D000BE2F6 /* Products */,
				6193EA6B2EE25162000BE2F6 /* Module2_SuggestionIA */,
				617DD0172EF1F74B002C82F1 /* LeurreWebScraperService.swift */,
				617DD0192EF1F7F0002C82F1 /* DOCUMENTATION_IMPORT_URL.md */,
				617DD01B2EF1F81C002C82F1 /* IMPLEMENTATION_IMPORT_URL_PHASE1.md */,
				617DD01D2EF1F86E002C82F1 /* RECAP_MODIFICATIONS_17DEC2024.md */,
				617DD0202EF20781002C82F1 /* TESTS_NOUVEAUX_SITES.md */,
				617DD0222EF207FB002C82F1 /* AJOUT_NOMAD_WALMART.md */,
				617DD0242EF20AAD002C82F1 /* AJOUT_SITES_FRANCAIS_17DEC2024.md */,
				617DD0282EF20ACE002C82F1 /* GUIDE_TEST_NOUVEAUX_PARSERS.md */,
				617DD02A2EF20AD2002C82F1 /* RESUME_MODIFICATIONS_CODE.md */,
				617DD02C2EF20AD6002C82F1 /* ARCHITECTURE_PARSERS.md */,
				61C5FBDA2EF909E80030C95D /* CreerCouleurView.swift */,
				61C5FBDC2EF90A460030C95D /* CouleurCustom.swift */,
				61C5FBDE2EF90A7F0030C95D /* CouleurSearchField.swift */,
				61C5FBE02EF90AA20030C95D /* GestionCouleursCustomView.swift */,
				61C5FBE22EF90AAD0030C95D /* ParametresAppView.swift */,
				61C5FBE42EF90B170030C95D /* RECAP_COULEURS_V2.md */,
				61C5FBE62EF90B530030C95D /* GUIDE_UTILISATEUR_COULEURS_V2.md */,
				61C5FBE82EF90B7A0030C95D /* IMPLEMENTATION_V2_RESUME.md */,
				6100BC892EFDDE840084CFB5 /* CORRECTION_ATTRIBUTION_POSITIONS_SPREAD.md */,
				6100BC8B2EFDDEC40084CFB5 /* GUIDE_UTILISATEUR_POSITIONS_SPREAD.md */,
				6100BC8D2EFDDF1E0084CFB5 /* RECAPITULATIF_CORRECTION_POSITIONS_26DEC2024.md */,
				6100BC8F2EFDE5CA0084CFB5 /* CORRECTION_PROFIL_VISUEL_CONTEXTUEL_26DEC2024.md */,
				6100BC912EFDECC40084CFB5 /* CORRECTION_FINALE_V2_PROFIL_POSITIONS_26DEC2024.md */,
				6100BCAE2EFE3A560084CFB5 /* RainbowCircle.swift */,
				6100BCB02EFE3BA50084CFB5 /* GUIDE_CONTRASTE_RAINBOW.md */,
				6100BCB22EFE3BED0084CFB5 /* RESUME_RAPIDE_26DEC2024.md */,
				6100BCB42EFE3FAB0084CFB5 /* SECURITE_SUPPRESSION_CONTRASTE.md */,
				6100BCB62EFE3FDF0084CFB5 /* EXEMPLES_MIGRATION_CONTRASTE.md */,
			);
			sourceTree = "<group>";
		};
		6193EA142EE1400D000BE2F6 /* Products */ = {
			isa = PBXGroup;
			children = (
				6193EA132EE1400D000BE2F6 /* Go Les Picots V.4.app */,
				6193EA252EE1400F000BE2F6 /* Go Les Picots V.4Tests.xctest */,
				6193EA2F2EE1400F000BE2F6 /* Go Les Picots V.4UITests.xctest */,
			);
			name = Products;
			sourceTree = "<group>";
		};
		6193EA422EE1428C000BE2F6 /* Module1 */ = {
			isa = PBXGroup;
			children = (
				613F7A0F2F03D72F00DA3053 /* Typedenagedetector.swift */,
				61263A502EE95CED00BBF0A8 /* Services */,
				6193EA442EE142F1000BE2F6 /* Helpers */,
				6193EA462EE142F1000BE2F6 /* Models */,
				6193EA492EE142F1000BE2F6 /* Resources */,
				6193EA4B2EE142F1000BE2F6 /* ViewModels */,
				6193EA502EE142F1000BE2F6 /* Views */,
			);
			path = Module1;
			sourceTree = "<group>";
		};
		6193EA442EE142F1000BE2F6 /* Helpers */ = {
			isa = PBXGroup;
			children = (
				6193EA432EE142F1000BE2F6 /* ColorExtension.swift */,
			);
			path = Helpers;
			sourceTree = "<group>";
		};
		6193EA462EE142F1000BE2F6 /* Models */ = {
			isa = PBXGroup;
			children = (
				613F7A072F0238CB00DA3053 /* TypeDeNage.swift */,
				6193EA452EE142F1000BE2F6 /* Leurre.swift */,
				617DD0DD2EF4A5EB002C82F1 /* SpreadSchemaView.swift */,
				617DD1472EF53C4B002C82F1 /* DiagnosticView.swift */,
				617DD1492EF54154002C82F1 /* CORRECTIONS_URGENTES_POSITIONS.md */,
				617DD14B2EF54157002C82F1 /* FIX_IMMEDIAT.md */,
				617DD14D2EF54310002C82F1 /* AssetsDiagnosticView.swift */,
				617DD1512EF56062002C82F1 /* ImageCoordinatePickerView.swift */,
				61C5FC032EF9BCB10030C95D /* AMELIORATIONS_AFFICHAGE_LEURRES.md */,
				61C5FC052EF9BCE80030C95D /* RESUME_CORRECTIONS_PHOTOS.md */,
				61C5FC072EF9BD4A0030C95D /* CHECKLIST_FINALE.md */,
				61C5FC222EFA87B30030C95D /* NoteAnalysisService.swift */,
				61C5FC242EFA87F60030C95D /* LeurreIntelligenceService.swift */,
				61C5FC262EFA88840030C95D /* AJOUT_FINITION_FORMULAIRE.md */,
				61C5FC282EFA88D80030C95D /* RECAPITULATIF_MODIFICATIONS_23DEC2024.md */,
				6100BC832EFD61580084CFB5 /* MIGRATION_PROPRIETES_FINALES_25DEC2024.md */,
				6100BC852EFD617D0084CFB5 /* RESUME_CORRECTIONS_25DEC2024.md */,
			);
			path = Models;
			sourceTree = "<group>";
		};
		6193EA492EE142F1000BE2F6 /* Resources */ = {
			isa = PBXGroup;
			children = (
				617DD14F2EF55FAF002C82F1 /* leurres_database_COMPLET.json */,
				61941ACD2EEA0B170019B66B /* EspecesDatabase.swift */,
			);
			path = Resources;
			sourceTree = "<group>";
		};
		6193EA4B2EE142F1000BE2F6 /* ViewModels */ = {
			isa = PBXGroup;
			children = (
				6193EAE42EE6A88F000BE2F6 /* SuggestionEngine.swift */,
				6193EA4A2EE142F1000BE2F6 /* LeureViewModel.swift */,
				619298D42EF8069E00D201C1 /* CORRECTIONS_LOGIQUE_SUGGESTION_21DEC2024.md */,
				619298D62EF807D000D201C1 /* CORRECTIONS_COMPILATION_21DEC2024.md */,
				619298D82EF8089E00D201C1 /* CORRECTION_MAHIMAHI_21DEC2024.md */,
				619298DA2EF809D400D201C1 /* AMELIORATION_TOUTES_ESPECES_21DEC2024.md */,
				61C5FBD22EF8F5810030C95D /* AUTOCOMPLETION_COULEURS_SIMPLE.md */,
				61C5FBD42EF8F5A60030C95D /* GUIDE_AUTOCOMPLETION_COULEURS.md */,
				61C5FBD62EF8F5DA0030C95D /* RECAP_AUTOCOMPLETION_SIMPLE.md */,
				6100BC932EFDFE0B0084CFB5 /* TEST_VERIFICATION_PROFIL_VISUEL.md */,
			);
			path = ViewModels;
			sourceTree = "<group>";
		};
		6193EA502EE142F1000BE2F6 /* Views */ = {
			isa = PBXGroup;
			children = (
				613F7A0D2F0397E400DA3053 /* Jiggingchoicesheet.swift */,
				613F7A0B2F0327F300DA3053 /* TypeDeNagePickerSheet.swift */,
				613F7A092F0291D200DA3053 /* Wobblingchoicesheet.swift */,
				61263A552EE95DEA00BBF0A8 /* Components */,
				61263A532EE95DC400BBF0A8 /* LeurreFormView.swift */,
				6193EA4D2EE142F1000BE2F6 /* BoiteView.swift */,
				6193EA4E2EE142F1000BE2F6 /* FiltresView.swift */,
				6193EA4F2EE142F1000BE2F6 /* LeurreDetailView.swift */,
				617DD0082EF15E99002C82F1 /* GUIDE_IMPORT_RAPIDE.md */,
				6100BC302EFC13350084CFB5 /* AMELIORATIONS_MOTEUR_SUGGESTION_FINITION.md */,
				6100BC872EFD63280084CFB5 /* AJOUT_TECHNIQUES_COMPATIBLES_FORMULAIRE.md */,
				6100BCB82EFE426D0084CFB5 /* CLARIFICATION_FINITION_VS_PROFIL.md */,
			);
			path = Views;
			sourceTree = "<group>";
		};
		6193EA6B2EE25162000BE2F6 /* Module2_SuggestionIA */ = {
			isa = PBXGroup;
			children = (
				6193EA6E2EE25198000BE2F6 /* Models */,
				6193EA6D2EE25193000BE2F6 /* ViewModels */,
				6193EA6C2EE2518A000BE2F6 /* View */,
			);
			path = Module2_SuggestionIA;
			sourceTree = "<group>";
		};
		6193EA6C2EE2518A000BE2F6 /* View */ = {
			isa = PBXGroup;
			children = (
				6193EA802EE25312000BE2F6 /* SpreadVisualizationView.swift */,
				6193EA812EE25312000BE2F6 /* SuggestionInputView.swift */,
				6193EA822EE25312000BE2F6 /* SuggestionResultView.swift */,
				617DD0DF2EF4A66E002C82F1 /* RECAP_MODIFICATIONS_19_DEC_2024.md */,
				617DD0E12EF4A675002C82F1 /* GUIDE_AJOUT_IMAGE.md */,
				6100BC7F2EFD5B030084CFB5 /* ANALYSE_ADEQUATION_FICHE_JSON_MOTEUR.md */,
				6100BC812EFD5B350084CFB5 /* FIX_LEURRES_LANCER_DANS_SPREAD.md */,
				6100BCBA2EFE4ADF0084CFB5 /* DIFFERENTIATION_COULEURS_CUSTOM.md */,
				61703FE02EFF954100311E88 /* MODIFICATIONS_AFFICHAGE_RESULTATS_27DEC2024.md */,
			);
			path = View;
			sourceTree = "<group>";
		};
		6193EA6D2EE25193000BE2F6 /* ViewModels */ = {
			isa = PBXGroup;
			children = (
			);
			path = ViewModels;
			sourceTree = "<group>";
		};
		6193EA6E2EE25198000BE2F6 /* Models */ = {
			isa = PBXGroup;
			children = (
				6193EA7A2EE252A0000BE2F6 /* ConditionsPeche.swift */,
				6100BC642EFCF6B00084CFB5 /* AMELIORATION_PROFONDEUR_ZONE.md */,
			);
			path = Models;
			sourceTree = "<group>";
		};
/* End PBXGroup section */

/* Begin PBXNativeTarget section */
		6193EA122EE1400D000BE2F6 /* Go Les Picots V.4 */ = {
			isa = PBXNativeTarget;
			buildConfigurationList = 6193EA392EE1400F000BE2F6 /* Build configuration list for PBXNativeTarget "Go Les Picots V.4" */;
			buildPhases = (
				6193EA0F2EE1400D000BE2F6 /* Sources */,
				6193EA102EE1400D000BE2F6 /* Frameworks */,
				6193EA112EE1400D000BE2F6 /* Resources */,
			);
			buildRules = (
			);
			dependencies = (
			);
			fileSystemSynchronizedGroups = (
				61263A502EE95CED00BBF0A8 /* Services */,
				61263A552EE95DEA00BBF0A8 /* Components */,
				6193EA152EE1400D000BE2F6 /* Go Les Picots V.4 */,
			);
			name = "Go Les Picots V.4";
			packageProductDependencies = (
			);
			productName = "Go Les Picots V.4";
			productReference = 6193EA132EE1400D000BE2F6 /* Go Les Picots V.4.app */;
			productType = "com.apple.product-type.application";
		};
		6193EA242EE1400F000BE2F6 /* Go Les Picots V.4Tests */ = {
			isa = PBXNativeTarget;
			buildConfigurationList = 6193EA3C2EE1400F000BE2F6 /* Build configuration list for PBXNativeTarget "Go Les Picots V.4Tests" */;
			buildPhases = (
				6193EA212EE1400F000BE2F6 /* Sources */,
				6193EA222EE1400F000BE2F6 /* Frameworks */,
				6193EA232EE1400F000BE2F6 /* Resources */,
			);
			buildRules = (
			);
			dependencies = (
				6193EA272EE1400F000BE2F6 /* PBXTargetDependency */,
			);
			name = "Go Les Picots V.4Tests";
			packageProductDependencies = (
			);
			productName = "Go Les Picots V.4Tests";
			productReference = 6193EA252EE1400F000BE2F6 /* Go Les Picots V.4Tests.xctest */;
			productType = "com.apple.product-type.bundle.unit-test";
		};
		6193EA2E2EE1400F000BE2F6 /* Go Les Picots V.4UITests */ = {
			isa = PBXNativeTarget;
			buildConfigurationList = 6193EA3F2EE1400F000BE2F6 /* Build configuration list for PBXNativeTarget "Go Les Picots V.4UITests" */;
			buildPhases = (
				6193EA2B2EE1400F000BE2F6 /* Sources */,
				6193EA2C2EE1400F000BE2F6 /* Frameworks */,
				6193EA2D2EE1400F000BE2F6 /* Resources */,
			);
			buildRules = (
			);
			dependencies = (
				6193EA312EE1400F000BE2F6 /* PBXTargetDependency */,
			);
			name = "Go Les Picots V.4UITests";
			packageProductDependencies = (
			);
			productName = "Go Les Picots V.4UITests";
			productReference = 6193EA2F2EE1400F000BE2F6 /* Go Les Picots V.4UITests.xctest */;
			productType = "com.apple.product-type.bundle.ui-testing";
		};
/* End PBXNativeTarget section */

/* Begin PBXProject section */
		6193EA0B2EE1400D000BE2F6 /* Project object */ = {
			isa = PBXProject;
			attributes = {
				BuildIndependentTargetsInParallel = 1;
				LastSwiftUpdateCheck = 2610;
				LastUpgradeCheck = 2620;
				TargetAttributes = {
					6193EA122EE1400D000BE2F6 = {
						CreatedOnToolsVersion = 26.1.1;
					};
					6193EA242EE1400F000BE2F6 = {
						CreatedOnToolsVersion = 26.1.1;
						TestTargetID = 6193EA122EE1400D000BE2F6;
					};
					6193EA2E2EE1400F000BE2F6 = {
						CreatedOnToolsVersion = 26.1.1;
						TestTargetID = 6193EA122EE1400D000BE2F6;
					};
				};
			};
			buildConfigurationList = 6193EA0E2EE1400D000BE2F6 /* Build configuration list for PBXProject "Go Les Picots V.4" */;
			developmentRegion = en;
			hasScannedForEncodings = 0;
			knownRegions = (
				en,
				Base,
			);
			mainGroup = 6193EA0A2EE1400D000BE2F6;
			minimizedProjectReferenceProxies = 1;
			preferredProjectObjectVersion = 77;
			productRefGroup = 6193EA142EE1400D000BE2F6 /* Products */;
			projectDirPath = "";
			projectRoot = "";
			targets = (
				6193EA122EE1400D000BE2F6 /* Go Les Picots V.4 */,
				6193EA242EE1400F000BE2F6 /* Go Les Picots V.4Tests */,
				6193EA2E2EE1400F000BE2F6 /* Go Les Picots V.4UITests */,
			);
		};
/* End PBXProject section */

/* Begin PBXResourcesBuildPhase section */
		6193EA112EE1400D000BE2F6 /* Resources */ = {
			isa = PBXResourcesBuildPhase;
			buildActionMask = 2147483647;
			files = (
				61C5FC042EF9BCB10030C95D /* AMELIORATIONS_AFFICHAGE_LEURRES.md in Resources */,
				6100BC882EFD63280084CFB5 /* AJOUT_TECHNIQUES_COMPATIBLES_FORMULAIRE.md in Resources */,
				617DD0252EF20AAD002C82F1 /* AJOUT_SITES_FRANCAIS_17DEC2024.md in Resources */,
				6100BC312EFC13350084CFB5 /* AMELIORATIONS_MOTEUR_SUGGESTION_FINITION.md in Resources */,
				6100BC922EFDECC40084CFB5 /* CORRECTION_FINALE_V2_PROFIL_POSITIONS_26DEC2024.md in Resources */,
				6100BC942EFDFE0B0084CFB5 /* TEST_VERIFICATION_PROFIL_VISUEL.md in Resources */,
				617DD0E02EF4A66E002C82F1 /* RECAP_MODIFICATIONS_19_DEC_2024.md in Resources */,
				617DD01E2EF1F86E002C82F1 /* RECAP_MODIFICATIONS_17DEC2024.md in Resources */,
				6100BCBB2EFE4ADF0084CFB5 /* DIFFERENTIATION_COULEURS_CUSTOM.md in Resources */,
				61C5FBE72EF90B530030C95D /* GUIDE_UTILISATEUR_COULEURS_V2.md in Resources */,
				6100BC8A2EFDDE840084CFB5 /* CORRECTION_ATTRIBUTION_POSITIONS_SPREAD.md in Resources */,
				617DD01A2EF1F7F0002C82F1 /* DOCUMENTATION_IMPORT_URL.md in Resources */,
				61C5FC292EFA88D80030C95D /* RECAPITULATIF_MODIFICATIONS_23DEC2024.md in Resources */,
				617DD01C2EF1F81C002C82F1 /* IMPLEMENTATION_IMPORT_URL_PHASE1.md in Resources */,
				61703FE12EFF954100311E88 /* MODIFICATIONS_AFFICHAGE_RESULTATS_27DEC2024.md in Resources */,
				6100BC842EFD61580084CFB5 /* MIGRATION_PROPRIETES_FINALES_25DEC2024.md in Resources */,
				6100BC902EFDE5CA0084CFB5 /* CORRECTION_PROFIL_VISUEL_CONTEXTUEL_26DEC2024.md in Resources */,
				617DD0E22EF4A675002C82F1 /* GUIDE_AJOUT_IMAGE.md in Resources */,
				61C5FC272EFA88840030C95D /* AJOUT_FINITION_FORMULAIRE.md in Resources */,
				6100BC802EFD5B030084CFB5 /* ANALYSE_ADEQUATION_FICHE_JSON_MOTEUR.md in Resources */,
				619298D72EF807D000D201C1 /* CORRECTIONS_COMPILATION_21DEC2024.md in Resources */,
				619298DB2EF809D400D201C1 /* AMELIORATION_TOUTES_ESPECES_21DEC2024.md in Resources */,
				6100BC8C2EFDDEC40084CFB5 /* GUIDE_UTILISATEUR_POSITIONS_SPREAD.md in Resources */,
				617DD0212EF20781002C82F1 /* TESTS_NOUVEAUX_SITES.md in Resources */,
				61C5FBD32EF8F5810030C95D /* AUTOCOMPLETION_COULEURS_SIMPLE.md in Resources */,
				617DD14A2EF54154002C82F1 /* CORRECTIONS_URGENTES_POSITIONS.md in Resources */,
				6100BC652EFCF6B00084CFB5 /* AMELIORATION_PROFONDEUR_ZONE.md in Resources */,
				6100BCB52EFE3FAB0084CFB5 /* SECURITE_SUPPRESSION_CONTRASTE.md in Resources */,
				617DD0092EF15E99002C82F1 /* GUIDE_IMPORT_RAPIDE.md in Resources */,
				61C5FC082EF9BD4A0030C95D /* CHECKLIST_FINALE.md in Resources */,
				61C5FBD52EF8F5A60030C95D /* GUIDE_AUTOCOMPLETION_COULEURS.md in Resources */,
				619298D52EF8069E00D201C1 /* CORRECTIONS_LOGIQUE_SUGGESTION_21DEC2024.md in Resources */,
				617DD0232EF207FB002C82F1 /* AJOUT_NOMAD_WALMART.md in Resources */,
				61C5FC062EF9BCE80030C95D /* RESUME_CORRECTIONS_PHOTOS.md in Resources */,
				6100BC8E2EFDDF1E0084CFB5 /* RECAPITULATIF_CORRECTION_POSITIONS_26DEC2024.md in Resources */,
				617DD02D2EF20AD6002C82F1 /* ARCHITECTURE_PARSERS.md in Resources */,
				6100BC822EFD5B350084CFB5 /* FIX_LEURRES_LANCER_DANS_SPREAD.md in Resources */,
				61C5FBD72EF8F5DA0030C95D /* RECAP_AUTOCOMPLETION_SIMPLE.md in Resources */,
				617DD02B2EF20AD2002C82F1 /* RESUME_MODIFICATIONS_CODE.md in Resources */,
				617DD14C2EF54157002C82F1 /* FIX_IMMEDIAT.md in Resources */,
				61C5FBE92EF90B7A0030C95D /* IMPLEMENTATION_V2_RESUME.md in Resources */,
				617DD1502EF55FAF002C82F1 /* leurres_database_COMPLET.json in Resources */,
				6100BC862EFD617D0084CFB5 /* RESUME_CORRECTIONS_25DEC2024.md in Resources */,
				6100BCB12EFE3BA50084CFB5 /* GUIDE_CONTRASTE_RAINBOW.md in Resources */,
				6100BCB92EFE426D0084CFB5 /* CLARIFICATION_FINITION_VS_PROFIL.md in Resources */,
				619298D92EF8089E00D201C1 /* CORRECTION_MAHIMAHI_21DEC2024.md in Resources */,
				6100BCB72EFE3FDF0084CFB5 /* EXEMPLES_MIGRATION_CONTRASTE.md in Resources */,
				6100BCB32EFE3BED0084CFB5 /* RESUME_RAPIDE_26DEC2024.md in Resources */,
				61C5FBE52EF90B170030C95D /* RECAP_COULEURS_V2.md in Resources */,
				617DD0292EF20ACE002C82F1 /* GUIDE_TEST_NOUVEAUX_PARSERS.md in Resources */,
			);
			runOnlyForDeploymentPostprocessing = 0;
		};
		6193EA232EE1400F000BE2F6 /* Resources */ = {
			isa = PBXResourcesBuildPhase;
			buildActionMask = 2147483647;
			files = (
			);
			runOnlyForDeploymentPostprocessing = 0;
		};
		6193EA2D2EE1400F000BE2F6 /* Resources */ = {
			isa = PBXResourcesBuildPhase;
			buildActionMask = 2147483647;
			files = (
			);
			runOnlyForDeploymentPostprocessing = 0;
		};
/* End PBXResourcesBuildPhase section */

/* Begin PBXSourcesBuildPhase section */
		6193EA0F2EE1400D000BE2F6 /* Sources */ = {
			isa = PBXSourcesBuildPhase;
			buildActionMask = 2147483647;
			files = (
				617DD0DE2EF4A5EB002C82F1 /* SpreadSchemaView.swift in Sources */,
				61941ACE2EEA0B170019B66B /* EspecesDatabase.swift in Sources */,
				61C5FBE32EF90AAD0030C95D /* ParametresAppView.swift in Sources */,
				613F7A102F03D73400DA3053 /* Typedenagedetector.swift in Sources */,
				6193EA512EE142F1000BE2F6 /* Leurre.swift in Sources */,
				6193EAE52EE6A88F000BE2F6 /* SuggestionEngine.swift in Sources */,
				613F7A0E2F0397FD00DA3053 /* Jiggingchoicesheet.swift in Sources */,
				6193EA522EE142F1000BE2F6 /* ColorExtension.swift in Sources */,
				6193EA532EE142F1000BE2F6 /* LeureViewModel.swift in Sources */,
				61C5FBDF2EF90A7F0030C95D /* CouleurSearchField.swift in Sources */,
				6193EA832EE25312000BE2F6 /* SuggestionInputView.swift in Sources */,
				6193EA842EE25312000BE2F6 /* SuggestionResultView.swift in Sources */,
				613F7A0A2F0291FD00DA3053 /* Wobblingchoicesheet.swift in Sources */,
				613F7A0C2F03280600DA3053 /* TypeDeNagePickerSheet.swift in Sources */,
				613F7A082F0238E100DA3053 /* TypeDeNage.swift in Sources */,
				617DD14E2EF54310002C82F1 /* AssetsDiagnosticView.swift in Sources */,
				61C5FC232EFA87B30030C95D /* NoteAnalysisService.swift in Sources */,
				61C5FC252EFA87F60030C95D /* LeurreIntelligenceService.swift in Sources */,
				6193EA852EE25312000BE2F6 /* SpreadVisualizationView.swift in Sources */,
				61263A542EE95DC400BBF0A8 /* LeurreFormView.swift in Sources */,
				6193EA7C2EE252A0000BE2F6 /* ConditionsPeche.swift in Sources */,
				61C5FBDB2EF909E80030C95D /* CreerCouleurView.swift in Sources */,
				617DD1522EF56062002C82F1 /* ImageCoordinatePickerView.swift in Sources */,
				61C5FBE12EF90AA20030C95D /* GestionCouleursCustomView.swift in Sources */,
				6193EA542EE142F1000BE2F6 /* LeurreDetailView.swift in Sources */,
				6193EA552EE142F1000BE2F6 /* BoiteView.swift in Sources */,
				61C5FBDD2EF90A460030C95D /* CouleurCustom.swift in Sources */,
				6100BCAF2EFE3A560084CFB5 /* RainbowCircle.swift in Sources */,
				617DD1482EF53C4B002C82F1 /* DiagnosticView.swift in Sources */,
				617DD0182EF1F74B002C82F1 /* LeurreWebScraperService.swift in Sources */,
				6193EA562EE142F1000BE2F6 /* FiltresView.swift in Sources */,
			);
			runOnlyForDeploymentPostprocessing = 0;
		};
		6193EA212EE1400F000BE2F6 /* Sources */ = {
			isa = PBXSourcesBuildPhase;
			buildActionMask = 2147483647;
			files = (
			);
			runOnlyForDeploymentPostprocessing = 0;
		};
		6193EA2B2EE1400F000BE2F6 /* Sources */ = {
			isa = PBXSourcesBuildPhase;
			buildActionMask = 2147483647;
			files = (
			);
			runOnlyForDeploymentPostprocessing = 0;
		};
/* End PBXSourcesBuildPhase section */

/* Begin PBXTargetDependency section */
		6193EA272EE1400F000BE2F6 /* PBXTargetDependency */ = {
			isa = PBXTargetDependency;
			target = 6193EA122EE1400D000BE2F6 /* Go Les Picots V.4 */;
			targetProxy = 6193EA262EE1400F000BE2F6 /* PBXContainerItemProxy */;
		};
		6193EA312EE1400F000BE2F6 /* PBXTargetDependency */ = {
			isa = PBXTargetDependency;
			target = 6193EA122EE1400D000BE2F6 /* Go Les Picots V.4 */;
			targetProxy = 6193EA302EE1400F000BE2F6 /* PBXContainerItemProxy */;
		};
/* End PBXTargetDependency section */

/* Begin XCBuildConfiguration section */
		6193EA372EE1400F000BE2F6 /* Debug */ = {
			isa = XCBuildConfiguration;
			buildSettings = {
				ALWAYS_SEARCH_USER_PATHS = NO;
				ASSETCATALOG_COMPILER_GENERATE_SWIFT_ASSET_SYMBOL_EXTENSIONS = YES;
				CLANG_ANALYZER_NONNULL = YES;
				CLANG_ANALYZER_NUMBER_OBJECT_CONVERSION = YES_AGGRESSIVE;
				CLANG_CXX_LANGUAGE_STANDARD = "gnu++20";
				CLANG_ENABLE_MODULES = YES;
				CLANG_ENABLE_OBJC_ARC = YES;
				CLANG_ENABLE_OBJC_WEAK = YES;
				CLANG_WARN_BLOCK_CAPTURE_AUTORELEASING = YES;
				CLANG_WARN_BOOL_CONVERSION = YES;
				CLANG_WARN_COMMA = YES;
				CLANG_WARN_CONSTANT_CONVERSION = YES;
				CLANG_WARN_DEPRECATED_OBJC_IMPLEMENTATIONS = YES;
				CLANG_WARN_DIRECT_OBJC_ISA_USAGE = YES_ERROR;
				CLANG_WARN_DOCUMENTATION_COMMENTS = YES;
				CLANG_WARN_EMPTY_BODY = YES;
				CLANG_WARN_ENUM_CONVERSION = YES;
				CLANG_WARN_INFINITE_RECURSION = YES;
				CLANG_WARN_INT_CONVERSION = YES;
				CLANG_WARN_NON_LITERAL_NULL_CONVERSION = YES;
				CLANG_WARN_OBJC_IMPLICIT_RETAIN_SELF = YES;
				CLANG_WARN_OBJC_LITERAL_CONVERSION = YES;
				CLANG_WARN_OBJC_ROOT_CLASS = YES_ERROR;
				CLANG_WARN_QUOTED_INCLUDE_IN_FRAMEWORK_HEADER = YES;
				CLANG_WARN_RANGE_LOOP_ANALYSIS = YES;
				CLANG_WARN_STRICT_PROTOTYPES = YES;
				CLANG_WARN_SUSPICIOUS_MOVE = YES;
				CLANG_WARN_UNGUARDED_AVAILABILITY = YES_AGGRESSIVE;
				CLANG_WARN_UNREACHABLE_CODE = YES;
				CLANG_WARN__DUPLICATE_METHOD_MATCH = YES;
				COPY_PHASE_STRIP = NO;
				DEBUG_INFORMATION_FORMAT = dwarf;
				DEVELOPMENT_TEAM = DP9UY27ZQX;
				ENABLE_STRICT_OBJC_MSGSEND = YES;
				ENABLE_TESTABILITY = YES;
				ENABLE_USER_SCRIPT_SANDBOXING = YES;
				GCC_C_LANGUAGE_STANDARD = gnu17;
				GCC_DYNAMIC_NO_PIC = NO;
				GCC_NO_COMMON_BLOCKS = YES;
				GCC_OPTIMIZATION_LEVEL = 0;
				GCC_PREPROCESSOR_DEFINITIONS = (
					"DEBUG=1",
					"$(inherited)",
				);
				GCC_WARN_64_TO_32_BIT_CONVERSION = YES;
				GCC_WARN_ABOUT_RETURN_TYPE = YES_ERROR;
				GCC_WARN_UNDECLARED_SELECTOR = YES;
				GCC_WARN_UNINITIALIZED_AUTOS = YES_AGGRESSIVE;
				GCC_WARN_UNUSED_FUNCTION = YES;
				GCC_WARN_UNUSED_VARIABLE = YES;
				IPHONEOS_DEPLOYMENT_TARGET = 26.1;
				LOCALIZATION_PREFERS_STRING_CATALOGS = YES;
				MTL_ENABLE_DEBUG_INFO = INCLUDE_SOURCE;
				MTL_FAST_MATH = YES;
				ONLY_ACTIVE_ARCH = YES;
				SDKROOT = iphoneos;
				STRING_CATALOG_GENERATE_SYMBOLS = YES;
				SWIFT_ACTIVE_COMPILATION_CONDITIONS = "DEBUG $(inherited)";
				SWIFT_OPTIMIZATION_LEVEL = "-Onone";
			};
			name = Debug;
		};
		6193EA382EE1400F000BE2F6 /* Release */ = {
			isa = XCBuildConfiguration;
			buildSettings = {
				ALWAYS_SEARCH_USER_PATHS = NO;
				ASSETCATALOG_COMPILER_GENERATE_SWIFT_ASSET_SYMBOL_EXTENSIONS = YES;
				CLANG_ANALYZER_NONNULL = YES;
				CLANG_ANALYZER_NUMBER_OBJECT_CONVERSION = YES_AGGRESSIVE;
				CLANG_CXX_LANGUAGE_STANDARD = "gnu++20";
				CLANG_ENABLE_MODULES = YES;
				CLANG_ENABLE_OBJC_ARC = YES;
				CLANG_ENABLE_OBJC_WEAK = YES;
				CLANG_WARN_BLOCK_CAPTURE_AUTORELEASING = YES;
				CLANG_WARN_BOOL_CONVERSION = YES;
				CLANG_WARN_COMMA = YES;
				CLANG_WARN_CONSTANT_CONVERSION = YES;
				CLANG_WARN_DEPRECATED_OBJC_IMPLEMENTATIONS = YES;
				CLANG_WARN_DIRECT_OBJC_ISA_USAGE = YES_ERROR;
				CLANG_WARN_DOCUMENTATION_COMMENTS = YES;
				CLANG_WARN_EMPTY_BODY = YES;
				CLANG_WARN_ENUM_CONVERSION = YES;
				CLANG_WARN_INFINITE_RECURSION = YES;
				CLANG_WARN_INT_CONVERSION = YES;
				CLANG_WARN_NON_LITERAL_NULL_CONVERSION = YES;
				CLANG_WARN_OBJC_IMPLICIT_RETAIN_SELF = YES;
				CLANG_WARN_OBJC_LITERAL_CONVERSION = YES;
				CLANG_WARN_OBJC_ROOT_CLASS = YES_ERROR;
				CLANG_WARN_QUOTED_INCLUDE_IN_FRAMEWORK_HEADER = YES;
				CLANG_WARN_RANGE_LOOP_ANALYSIS = YES;
				CLANG_WARN_STRICT_PROTOTYPES = YES;
				CLANG_WARN_SUSPICIOUS_MOVE = YES;
				CLANG_WARN_UNGUARDED_AVAILABILITY = YES_AGGRESSIVE;
				CLANG_WARN_UNREACHABLE_CODE = YES;
				CLANG_WARN__DUPLICATE_METHOD_MATCH = YES;
				COPY_PHASE_STRIP = NO;
				DEBUG_INFORMATION_FORMAT = "dwarf-with-dsym";
				DEVELOPMENT_TEAM = DP9UY27ZQX;
				ENABLE_NS_ASSERTIONS = NO;
				ENABLE_STRICT_OBJC_MSGSEND = YES;
				ENABLE_USER_SCRIPT_SANDBOXING = YES;
				GCC_C_LANGUAGE_STANDARD = gnu17;
				GCC_NO_COMMON_BLOCKS = YES;
				GCC_WARN_64_TO_32_BIT_CONVERSION = YES;
				GCC_WARN_ABOUT_RETURN_TYPE = YES_ERROR;
				GCC_WARN_UNDECLARED_SELECTOR = YES;
				GCC_WARN_UNINITIALIZED_AUTOS = YES_AGGRESSIVE;
				GCC_WARN_UNUSED_FUNCTION = YES;
				GCC_WARN_UNUSED_VARIABLE = YES;
				IPHONEOS_DEPLOYMENT_TARGET = 26.1;
				LOCALIZATION_PREFERS_STRING_CATALOGS = YES;
				MTL_ENABLE_DEBUG_INFO = NO;
				MTL_FAST_MATH = YES;
				SDKROOT = iphoneos;
				STRING_CATALOG_GENERATE_SYMBOLS = YES;
				SWIFT_COMPILATION_MODE = wholemodule;
				VALIDATE_PRODUCT = YES;
			};
			name = Release;
		};
		6193EA3A2EE1400F000BE2F6 /* Debug */ = {
			isa = XCBuildConfiguration;
			buildSettings = {
				ASSETCATALOG_COMPILER_APPICON_NAME = AppIcon;
				ASSETCATALOG_COMPILER_GLOBAL_ACCENT_COLOR_NAME = AccentColor;
				CODE_SIGN_STYLE = Automatic;
				CURRENT_PROJECT_VERSION = 1;
				DEVELOPMENT_TEAM = DP9UY27ZQX;
				ENABLE_PREVIEWS = YES;
				GENERATE_INFOPLIST_FILE = YES;
				INFOPLIST_KEY_NSCameraUsageDescription = "Go les Picots utilise la caméra pour photographier vos leurres";
				INFOPLIST_KEY_NSPhotoLibraryUsageDescription = "o les Picots accède à votre galerie pour importer des photos de leurres";
				INFOPLIST_KEY_UIApplicationSceneManifest_Generation = YES;
				INFOPLIST_KEY_UIApplicationSupportsIndirectInputEvents = YES;
				INFOPLIST_KEY_UILaunchScreen_Generation = YES;
				INFOPLIST_KEY_UISupportedInterfaceOrientations_iPad = "UIInterfaceOrientationPortrait UIInterfaceOrientationPortraitUpsideDown UIInterfaceOrientationLandscapeLeft UIInterfaceOrientationLandscapeRight";
				INFOPLIST_KEY_UISupportedInterfaceOrientations_iPhone = "UIInterfaceOrientationPortrait UIInterfaceOrientationLandscapeLeft UIInterfaceOrientationLandscapeRight";
				LD_RUNPATH_SEARCH_PATHS = (
					"$(inherited)",
					"@executable_path/Frameworks",
				);
				MARKETING_VERSION = 1.0;
				PRODUCT_BUNDLE_IDENTIFIER = "com.Sebastien-LANES.Go-Les-Picots-V-4";
				PRODUCT_NAME = "$(TARGET_NAME)";
				STRING_CATALOG_GENERATE_SYMBOLS = YES;
				SWIFT_APPROACHABLE_CONCURRENCY = YES;
				SWIFT_DEFAULT_ACTOR_ISOLATION = MainActor;
				SWIFT_EMIT_LOC_STRINGS = YES;
				SWIFT_UPCOMING_FEATURE_MEMBER_IMPORT_VISIBILITY = YES;
				SWIFT_VERSION = 5.0;
				TARGETED_DEVICE_FAMILY = "1,2";
			};
			name = Debug;
		};
		6193EA3B2EE1400F000BE2F6 /* Release */ = {
			isa = XCBuildConfiguration;
			buildSettings = {
				ASSETCATALOG_COMPILER_APPICON_NAME = AppIcon;
				ASSETCATALOG_COMPILER_GLOBAL_ACCENT_COLOR_NAME = AccentColor;
				CODE_SIGN_STYLE = Automatic;
				CURRENT_PROJECT_VERSION = 1;
				DEVELOPMENT_TEAM = DP9UY27ZQX;
				ENABLE_PREVIEWS = YES;
				GENERATE_INFOPLIST_FILE = YES;
				INFOPLIST_KEY_NSCameraUsageDescription = "Go les Picots utilise la caméra pour photographier vos leurres";
				INFOPLIST_KEY_NSPhotoLibraryUsageDescription = "o les Picots accède à votre galerie pour importer des photos de leurres";
				INFOPLIST_KEY_UIApplicationSceneManifest_Generation = YES;
				INFOPLIST_KEY_UIApplicationSupportsIndirectInputEvents = YES;
				INFOPLIST_KEY_UILaunchScreen_Generation = YES;
				INFOPLIST_KEY_UISupportedInterfaceOrientations_iPad = "UIInterfaceOrientationPortrait UIInterfaceOrientationPortraitUpsideDown UIInterfaceOrientationLandscapeLeft UIInterfaceOrientationLandscapeRight";
				INFOPLIST_KEY_UISupportedInterfaceOrientations_iPhone = "UIInterfaceOrientationPortrait UIInterfaceOrientationLandscapeLeft UIInterfaceOrientationLandscapeRight";
				LD_RUNPATH_SEARCH_PATHS = (
					"$(inherited)",
					"@executable_path/Frameworks",
				);
				MARKETING_VERSION = 1.0;
				PRODUCT_BUNDLE_IDENTIFIER = "com.Sebastien-LANES.Go-Les-Picots-V-4";
				PRODUCT_NAME = "$(TARGET_NAME)";
				STRING_CATALOG_GENERATE_SYMBOLS = YES;
				SWIFT_APPROACHABLE_CONCURRENCY = YES;
				SWIFT_DEFAULT_ACTOR_ISOLATION = MainActor;
				SWIFT_EMIT_LOC_STRINGS = YES;
				SWIFT_UPCOMING_FEATURE_MEMBER_IMPORT_VISIBILITY = YES;
				SWIFT_VERSION = 5.0;
				TARGETED_DEVICE_FAMILY = "1,2";
			};
			name = Release;
		};
		6193EA3D2EE1400F000BE2F6 /* Debug */ = {
			isa = XCBuildConfiguration;
			buildSettings = {
				BUNDLE_LOADER = "$(TEST_HOST)";
				CODE_SIGN_STYLE = Automatic;
				CURRENT_PROJECT_VERSION = 1;
				DEVELOPMENT_TEAM = DP9UY27ZQX;
				GENERATE_INFOPLIST_FILE = YES;
				IPHONEOS_DEPLOYMENT_TARGET = 26.1;
				MARKETING_VERSION = 1.0;
				PRODUCT_BUNDLE_IDENTIFIER = "com.Sebastien-LANES.Go-Les-Picots-V-4Tests";
				PRODUCT_NAME = "$(TARGET_NAME)";
				STRING_CATALOG_GENERATE_SYMBOLS = NO;
				SWIFT_APPROACHABLE_CONCURRENCY = YES;
				SWIFT_EMIT_LOC_STRINGS = NO;
				SWIFT_UPCOMING_FEATURE_MEMBER_IMPORT_VISIBILITY = YES;
				SWIFT_VERSION = 5.0;
				TARGETED_DEVICE_FAMILY = "1,2";
				TEST_HOST = "$(BUILT_PRODUCTS_DIR)/Go Les Picots V.4.app/$(BUNDLE_EXECUTABLE_FOLDER_PATH)/Go Les Picots V.4";
			};
			name = Debug;
		};
		6193EA3E2EE1400F000BE2F6 /* Release */ = {
			isa = XCBuildConfiguration;
			buildSettings = {
				BUNDLE_LOADER = "$(TEST_HOST)";
				CODE_SIGN_STYLE = Automatic;
				CURRENT_PROJECT_VERSION = 1;
				DEVELOPMENT_TEAM = DP9UY27ZQX;
				GENERATE_INFOPLIST_FILE = YES;
				IPHONEOS_DEPLOYMENT_TARGET = 26.1;
				MARKETING_VERSION = 1.0;
				PRODUCT_BUNDLE_IDENTIFIER = "com.Sebastien-LANES.Go-Les-Picots-V-4Tests";
				PRODUCT_NAME = "$(TARGET_NAME)";
				STRING_CATALOG_GENERATE_SYMBOLS = NO;
				SWIFT_APPROACHABLE_CONCURRENCY = YES;
				SWIFT_EMIT_LOC_STRINGS = NO;
				SWIFT_UPCOMING_FEATURE_MEMBER_IMPORT_VISIBILITY = YES;
				SWIFT_VERSION = 5.0;
				TARGETED_DEVICE_FAMILY = "1,2";
				TEST_HOST = "$(BUILT_PRODUCTS_DIR)/Go Les Picots V.4.app/$(BUNDLE_EXECUTABLE_FOLDER_PATH)/Go Les Picots V.4";
			};
			name = Release;
		};
		6193EA402EE1400F000BE2F6 /* Debug */ = {
			isa = XCBuildConfiguration;
			buildSettings = {
				CODE_SIGN_STYLE = Automatic;
				CURRENT_PROJECT_VERSION = 1;
				DEVELOPMENT_TEAM = DP9UY27ZQX;
				GENERATE_INFOPLIST_FILE = YES;
				MARKETING_VERSION = 1.0;
				PRODUCT_BUNDLE_IDENTIFIER = "com.Sebastien-LANES.Go-Les-Picots-V-4UITests";
				PRODUCT_NAME = "$(TARGET_NAME)";
				STRING_CATALOG_GENERATE_SYMBOLS = NO;
				SWIFT_APPROACHABLE_CONCURRENCY = YES;
				SWIFT_EMIT_LOC_STRINGS = NO;
				SWIFT_UPCOMING_FEATURE_MEMBER_IMPORT_VISIBILITY = YES;
				SWIFT_VERSION = 5.0;
				TARGETED_DEVICE_FAMILY = "1,2";
				TEST_TARGET_NAME = "Go Les Picots V.4";
			};
			name = Debug;
		};
		6193EA412EE1400F000BE2F6 /* Release */ = {
			isa = XCBuildConfiguration;
			buildSettings = {
				CODE_SIGN_STYLE = Automatic;
				CURRENT_PROJECT_VERSION = 1;
				DEVELOPMENT_TEAM = DP9UY27ZQX;
				GENERATE_INFOPLIST_FILE = YES;
				MARKETING_VERSION = 1.0;
				PRODUCT_BUNDLE_IDENTIFIER = "com.Sebastien-LANES.Go-Les-Picots-V-4UITests";
				PRODUCT_NAME = "$(TARGET_NAME)";
				STRING_CATALOG_GENERATE_SYMBOLS = NO;
				SWIFT_APPROACHABLE_CONCURRENCY = YES;
				SWIFT_EMIT_LOC_STRINGS = NO;
				SWIFT_UPCOMING_FEATURE_MEMBER_IMPORT_VISIBILITY = YES;
				SWIFT_VERSION = 5.0;
				TARGETED_DEVICE_FAMILY = "1,2";
				TEST_TARGET_NAME = "Go Les Picots V.4";
			};
			name = Release;
		};
/* End XCBuildConfiguration section */

/* Begin XCConfigurationList section */
		6193EA0E2EE1400D000BE2F6 /* Build configuration list for PBXProject "Go Les Picots V.4" */ = {
			isa = XCConfigurationList;
			buildConfigurations = (
				6193EA372EE1400F000BE2F6 /* Debug */,
				6193EA382EE1400F000BE2F6 /* Release */,
			);
			defaultConfigurationIsVisible = 0;
			defaultConfigurationName = Release;
		};
		6193EA392EE1400F000BE2F6 /* Build configuration list for PBXNativeTarget "Go Les Picots V.4" */ = {
			isa = XCConfigurationList;
			buildConfigurations = (
				6193EA3A2EE1400F000BE2F6 /* Debug */,
				6193EA3B2EE1400F000BE2F6 /* Release */,
			);
			defaultConfigurationIsVisible = 0;
			defaultConfigurationName = Release;
		};
		6193EA3C2EE1400F000BE2F6 /* Build configuration list for PBXNativeTarget "Go Les Picots V.4Tests" */ = {
			isa = XCConfigurationList;
			buildConfigurations = (
				6193EA3D2EE1400F000BE2F6 /* Debug */,
				6193EA3E2EE1400F000BE2F6 /* Release */,
			);
			defaultConfigurationIsVisible = 0;
			defaultConfigurationName = Release;
		};
		6193EA3F2EE1400F000BE2F6 /* Build configuration list for PBXNativeTarget "Go Les Picots V.4UITests" */ = {
			isa = XCConfigurationList;
			buildConfigurations = (
				6193EA402EE1400F000BE2F6 /* Debug */,
				6193EA412EE1400F000BE2F6 /* Release */,
			);
			defaultConfigurationIsVisible = 0;
			defaultConfigurationName = Release;
		};
/* End XCConfigurationList section */
	};
	rootObject = 6193EA0B2EE1400D000BE2F6 /* Project object */;
}
